{
  "name": "backend",
  "version": "1.0.0",
  "lockfileVersion": 3,
  "requires": true,
  "packages": {
    "": {
      "name": "backend",
      "version": "1.0.0",
      "license": "ISC",
      "dependencies": {
        "open-props": "^1.6.21"
      }
    },
    "node_modules/open-props": {
      "version": "1.6.21",
      "resolved": "https://registry.npmjs.org/open-props/-/open-props-1.6.21.tgz",
      "integrity": "sha512-leK6x7SvLX3K/idbHyFrnwoygaB0YBBMecQ5FJcms/Oqn82b/FIqgMyuLeSqGxpFOwIPdvMirFGpiB74ef+ULg=="
    }
  }
}
